
Microsoft Visual Studio Solution File, Format Version 12.00
# Visual Studio Version 17
VisualStudioVersion = 17.7.34202.233
MinimumVisualStudioVersion = 10.0.40219.1
Project("{FAE04EC0-301F-11D3-BF4B-00C04F79EFBC}") = "Dumitru_Delia_Lab1", "Dumitru_Delia_Lab1.csproj", "{16B44517-7B6C-4B94-B56D-D523C4808871}"
EndProject
Global
	GlobalSection(SolutionConfigurationPlatforms) = preSolution
		Debug|Any CPU = Debug|Any CPU
		Release|Any CPU = Release|Any CPU
	EndGlobalSection
	GlobalSection(ProjectConfigurationPlatforms) = postSolution
		{16B44517-7B6C-4B94-B56D-D523C4808871}.Debug|Any CPU.ActiveCfg = Debug|Any CPU
		{16B44517-7B6C-4B94-B56D-D523C4808871}.Debug|Any CPU.Build.0 = Debug|Any CPU
		{16B44517-7B6C-4B94-B56D-D523C4808871}.Release|Any CPU.ActiveCfg = Release|Any CPU
		{16B44517-7B6C-4B94-B56D-D523C4808871}.Release|Any CPU.Build.0 = Release|Any CPU
	EndGlobalSection
	GlobalSection(SolutionProperties) = preSolution
		HideSolutionNode = FALSE
	EndGlobalSection
	GlobalSection(ExtensibilityGlobals) = postSolution
		SolutionGuid = {C654E99E-00BE-44A8-B5BA-AC549C50D177}
	EndGlobalSection
EndGlobal
